
Microsoft Visual Studio Solution File, Format Version 12.00
# Visual Studio Version 16
VisualStudioVersion = 16.0.32510.428
MinimumVisualStudioVersion = 10.0.40219.1
Project("{FAE04EC0-301F-11D3-BF4B-00C04F79EFBC}") = "RAHUL_CORE _CFA_FOR_ API", "RAHUL_CORE _CFA_FOR_ API\RAHUL_CORE _CFA_FOR_ API.csproj", "{CCB321CE-BB44-49C1-8174-18FA61AEA18F}"
EndProject
Global
	GlobalSection(SolutionConfigurationPlatforms) = preSolution
		Debug|Any CPU = Debug|Any CPU
		Release|Any CPU = Release|Any CPU
	EndGlobalSection
	GlobalSection(ProjectConfigurationPlatforms) = postSolution
		{CCB321CE-BB44-49C1-8174-18FA61AEA18F}.Debug|Any CPU.ActiveCfg = Debug|Any CPU
		{CCB321CE-BB44-49C1-8174-18FA61AEA18F}.Debug|Any CPU.Build.0 = Debug|Any CPU
		{CCB321CE-BB44-49C1-8174-18FA61AEA18F}.Release|Any CPU.ActiveCfg = Release|Any CPU
		{CCB321CE-BB44-49C1-8174-18FA61AEA18F}.Release|Any CPU.Build.0 = Release|Any CPU
	EndGlobalSection
	GlobalSection(SolutionProperties) = preSolution
		HideSolutionNode = FALSE
	EndGlobalSection
	GlobalSection(ExtensibilityGlobals) = postSolution
		SolutionGuid = {DB23727D-9F73-46F5-B623-6BC6391282E1}
	EndGlobalSection
EndGlobal
